
Microsoft Visual Studio Solution File, Format Version 11.00
# Visual Studio 2010
Project("{FAE04EC0-301F-11D3-BF4B-00C04F79EFBC}") = "Agent Patissier", "Assembly-CSharp.csproj", "{BB8657D7-6891-CE49-09D4-1B0AB77C7DF4}"
EndProject
Project("{FAE04EC0-301F-11D3-BF4B-00C04F79EFBC}") = "Agent Patissier", "Assembly-CSharp-Editor.csproj", "{06AAEDD3-F991-0D8A-0E12-677B57E78A48}"
EndProject
Global
	GlobalSection(SolutionConfigurationPlatforms) = preSolution
		Debug|Any CPU = Debug|Any CPU
		Release|Any CPU = Release|Any CPU
	EndGlobalSection
	GlobalSection(ProjectConfigurationPlatforms) = postSolution
		{BB8657D7-6891-CE49-09D4-1B0AB77C7DF4}.Debug|Any CPU.ActiveCfg = Debug|Any CPU
		{BB8657D7-6891-CE49-09D4-1B0AB77C7DF4}.Debug|Any CPU.Build.0 = Debug|Any CPU
		{BB8657D7-6891-CE49-09D4-1B0AB77C7DF4}.Release|Any CPU.ActiveCfg = Release|Any CPU
		{BB8657D7-6891-CE49-09D4-1B0AB77C7DF4}.Release|Any CPU.Build.0 = Release|Any CPU
		{06AAEDD3-F991-0D8A-0E12-677B57E78A48}.Debug|Any CPU.ActiveCfg = Debug|Any CPU
		{06AAEDD3-F991-0D8A-0E12-677B57E78A48}.Debug|Any CPU.Build.0 = Debug|Any CPU
		{06AAEDD3-F991-0D8A-0E12-677B57E78A48}.Release|Any CPU.ActiveCfg = Release|Any CPU
		{06AAEDD3-F991-0D8A-0E12-677B57E78A48}.Release|Any CPU.Build.0 = Release|Any CPU
	EndGlobalSection
	GlobalSection(SolutionProperties) = preSolution
		HideSolutionNode = FALSE
	EndGlobalSection
	GlobalSection(MonoDevelopProperties) = preSolution
		StartupItem = Assembly-CSharp.csproj
	EndGlobalSection
EndGlobal
